# Pinned dependency sources and tags for build.sh
# Update with: ./update-dependency-lock.sh

ZLIB_REPO="https://github.com/madler/zlib.git"
ZLIB_TAG="v1.3.2"

LIBDEFLATE_REPO="https://github.com/ebiggers/libdeflate.git"
LIBDEFLATE_TAG="v1.26"

LIBJPEG_TURBO_REPO="https://github.com/libjpeg-turbo/libjpeg-turbo.git"
LIBJPEG_TURBO_TAG="3.2.0"

LIBPNG_REPO="https://github.com/glennrp/libpng.git"
LIBPNG_TAG="v1.6.58"

LIBWEBP_REPO="https://github.com/webmproject/libwebp.git"
LIBWEBP_TAG="v1.6.0"

LIBTIFF_REPO="https://gitlab.com/libtiff/libtiff.git"
LIBTIFF_TAG="v4.7.2"

LCMS2_REPO="https://github.com/mm2/Little-CMS.git"
LCMS2_TAG="lcms2.19"

CGIF_REPO="https://github.com/dloebl/cgif.git"
CGIF_TAG="v0.5.4"

LIBEXIF_REPO="https://github.com/libexif/libexif.git"
LIBEXIF_TAG="v0.6.26"

FFTW_REPO="https://github.com/FFTW/fftw3.git"
FFTW_TAG="fftw-3.3.11"
FFTW_SHA256="5630c24cdeb33b131612f7eb4b1a9934234754f9f388ff8617458d0be6f239a1"

ORC_REPO="https://gitlab.freedesktop.org/gstreamer/orc.git"
ORC_TAG="0.4.44"

HIGHWAY_REPO="https://github.com/google/highway.git"
HIGHWAY_TAG="1.4.0"

OPENJPEG_REPO="https://github.com/uclouvain/openjpeg.git"
OPENJPEG_TAG="v2.5.4"

LIBDE265_REPO="https://github.com/strukturag/libde265.git"
LIBDE265_TAG="v1.1.3"

LIBHEIF_REPO="https://github.com/strukturag/libheif.git"
LIBHEIF_TAG="v1.23.5"

LIBIMAGEQUANT_REPO="https://github.com/ImageOptim/libimagequant.git"
LIBIMAGEQUANT_TAG="4.4.1"

LIBARCHIVE_REPO="https://github.com/libarchive/libarchive.git"
LIBARCHIVE_TAG="v3.8.9"

PCRE2_REPO="https://github.com/PCRE2Project/pcre2.git"
PCRE2_TAG="pcre2-10.49"

LIBFFI_REPO="https://github.com/libffi/libffi.git"
LIBFFI_TAG="v3.8.0"

GLIB_REPO="https://github.com/GNOME/glib.git"
GLIB_TAG="2.90.0"

GVDB_REPO="https://gitlab.gnome.org/GNOME/gvdb.git"
GVDB_REF="c6f2359cc1d00f16e0a0e2527fa0bc1882b8b5ab"

MESON_REPO="https://github.com/mesonbuild/meson.git"
MESON_TAG="1.12.1"
